{
    "_readme": [
        "This file locks the dependencies of your project to a known state",
        "Read more about it at http://getcomposer.org/doc/01-basic-usage.md#composer-lock-the-lock-file",
        "This file is @generated automatically"
    ],
    "hash": "af8e3db69fefa7c24d2c214f4d417e5c",
    "packages": [
        {
            "name": "altorouter/altorouter",
            "version": "v1.1.0",
            "source": {
                "type": "git",
                "url": "https://github.com/dannyvankooten/AltoRouter.git",
                "reference": "09d9d946c546bae6d22a7654cdb3b825ffda54b4"
            },
            "dist": {
                "type": "zip",
                "url": "https://api.github.com/repos/dannyvankooten/AltoRouter/zipball/09d9d946c546bae6d22a7654cdb3b825ffda54b4",
                "reference": "09d9d946c546bae6d22a7654cdb3b825ffda54b4",
                "shasum": ""
            },
            "require": {
                "php": ">=5.3.0"
            },
            "type": "library",
            "autoload": {
                "classmap": [
                    "AltoRouter.php"
                ]
            },
            "notification-url": "https://packagist.org/downloads/",
            "license": [
                "MIT"
            ],
            "authors": [
                {
                    "name": "Danny van Kooten",
                    "email": "dannyvankooten@gmail.com",
                    "homepage": "http://dannyvankooten.com/"
                },
                {
                    "name": "Koen Punt",
                    "homepage": "https://github.com/koenpunt"
                },
                {
                    "name": "niahoo",
                    "homepage": "https://github.com/niahoo"
                }
            ],
            "description": "A lightning fast router for PHP",
            "homepage": "https://github.com/dannyvankooten/AltoRouter",
            "keywords": [
                "lightweight",
                "router",
                "routing"
            ],
            "time": "2014-04-16 09:44:40"
        },
        {
            "name": "dropbox/dropbox-sdk",
            "version": "v1.1.5",
            "source": {
                "type": "git",
                "url": "https://github.com/dropbox/dropbox-sdk-php.git",
                "reference": "138bfec02f042fa6a4b384c0ae7ebe92ad122bbd"
            },
            "dist": {
                "type": "zip",
                "url": "https://api.github.com/repos/dropbox/dropbox-sdk-php/zipball/138bfec02f042fa6a4b384c0ae7ebe92ad122bbd",
                "reference": "138bfec02f042fa6a4b384c0ae7ebe92ad122bbd",
                "shasum": ""
            },
            "require": {
                "ext-curl": "*",
                "php": ">= 5.3"
            },
            "require-dev": {
                "apigen/apigen": "2.8.2",
                "phpunit/phpunit": "~4.0",
                "squizlabs/php_codesniffer": "2.0.0RC3"
            },
            "type": "library",
            "autoload": {
                "psr-0": {
                    "Dropbox": "lib/"
                }
            },
            "notification-url": "https://packagist.org/downloads/",
            "license": [
                "MIT"
            ],
            "description": "Dropbox SDK for PHP",
            "keywords": [
                "dropbox"
            ],
            "time": "2015-02-23 20:51:29"
        },
        {
            "name": "koenpunt/php-inflector",
            "version": "v1.0.0",
            "source": {
                "type": "git",
                "url": "https://github.com/koenpunt/php-inflector.git",
                "reference": "6c0157f7fb6e5129743508c303dcb6b1d246b800"
            },
            "dist": {
                "type": "zip",
                "url": "https://api.github.com/repos/koenpunt/php-inflector/zipball/6c0157f7fb6e5129743508c303dcb6b1d246b800",
                "reference": "6c0157f7fb6e5129743508c303dcb6b1d246b800",
                "shasum": ""
            },
            "type": "library",
            "autoload": {
                "psr-4": {
                    "PhpInflector\\": "lib/"
                }
            },
            "notification-url": "https://packagist.org/downloads/",
            "license": [
                "MIT"
            ],
            "authors": [
                {
                    "name": "Koen Punt",
                    "email": "me@koen.pt"
                }
            ],
            "description": "PHP Inflector, ported from Rails",
            "keywords": [
                "inflector",
                "php"
            ],
            "time": "2014-04-10 19:13:17"
        },
        {
            "name": "mandrill/mandrill",
            "version": "1.0.54",
            "source": {
                "type": "git",
                "url": "https://bitbucket.org/mailchimp/mandrill-api-php.git",
                "reference": "9f336b08ea148c80db3b694f3dc737cd4f414e19"
            },
            "dist": {
                "type": "zip",
                "url": "https://bitbucket.org/mailchimp/mandrill-api-php/get/9f336b08ea148c80db3b694f3dc737cd4f414e19.zip",
                "reference": "9f336b08ea148c80db3b694f3dc737cd4f414e19",
                "shasum": ""
            },
            "require": {
                "php": ">=5.2.0"
            },
            "type": "library",
            "autoload": {
                "psr-0": {
                    "Mandrill": "src/"
                }
            },
            "notification-url": "https://packagist.org/downloads/",
            "license": [
                "Apache-2.0"
            ],
            "authors": [
                {
                    "name": "Mandrill Devs",
                    "email": "community@mandrill.com",
                    "homepage": "http://mandrill.com",
                    "role": "Developer"
                }
            ],
            "description": "API client library for the Mandrill email as a service platform",
            "homepage": "https://bitbucket.org/mailchimp/mandrill-api-php",
            "keywords": [
                "api",
                "email"
            ],
            "time": "2014-10-16 21:08:20"
        },
        {
            "name": "php-activerecord/php-activerecord",
            "version": "dev-fetch-cms",
            "source": {
                "type": "git",
                "url": "https://github.com/fetch/php-activerecord.git",
                "reference": "9a19015c5ac5078549013d8a1feeb451f120ac33"
            },
            "dist": {
                "type": "zip",
                "url": "https://api.github.com/repos/fetch/php-activerecord/zipball/9a19015c5ac5078549013d8a1feeb451f120ac33",
                "reference": "9a19015c5ac5078549013d8a1feeb451f120ac33",
                "shasum": ""
            },
            "require": {
                "php": ">=5.3.0"
            },
            "require-dev": {
                "pear/log": "~1.12",
                "pear/pear_exception": "1.0-beta1",
                "phpunit/phpunit": "3.7.*"
            },
            "type": "library",
            "autoload": {
                "files": [
                    "ActiveRecord.php"
                ]
            },
            "license": [
                "MIT"
            ],
            "description": "php-activerecord is an open source ORM library based on the ActiveRecord pattern.",
            "homepage": "http://www.phpactiverecord.org/",
            "keywords": [
                "activerecord",
                "orm"
            ],
            "support": {
                "source": "https://github.com/fetch/php-activerecord/tree/fetch-cms"
            },
            "time": "2015-03-24 16:12:24"
        },
        {
            "name": "symfony/yaml",
            "version": "v2.6.6",
            "target-dir": "Symfony/Component/Yaml",
            "source": {
                "type": "git",
                "url": "https://github.com/symfony/Yaml.git",
                "reference": "174f009ed36379a801109955fc5a71a49fe62dd4"
            },
            "dist": {
                "type": "zip",
                "url": "https://api.github.com/repos/symfony/Yaml/zipball/174f009ed36379a801109955fc5a71a49fe62dd4",
                "reference": "174f009ed36379a801109955fc5a71a49fe62dd4",
                "shasum": ""
            },
            "require": {
                "php": ">=5.3.3"
            },
            "require-dev": {
                "symfony/phpunit-bridge": "~2.7"
            },
            "type": "library",
            "extra": {
                "branch-alias": {
                    "dev-master": "2.6-dev"
                }
            },
            "autoload": {
                "psr-0": {
                    "Symfony\\Component\\Yaml\\": ""
                }
            },
            "notification-url": "https://packagist.org/downloads/",
            "license": [
                "MIT"
            ],
            "authors": [
                {
                    "name": "Symfony Community",
                    "homepage": "http://symfony.com/contributors"
                },
                {
                    "name": "Fabien Potencier",
                    "email": "fabien@symfony.com"
                }
            ],
            "description": "Symfony Yaml Component",
            "homepage": "http://symfony.com",
            "time": "2015-03-30 15:54:10"
        }
    ],
    "packages-dev": [
        {
            "name": "heroku/heroku-buildpack-php",
            "version": "v67",
            "source": {
                "type": "git",
                "url": "https://github.com/heroku/heroku-buildpack-php.git",
                "reference": "8da6b92aad89b2e7254f5eb2ad39ffac315b2282"
            },
            "dist": {
                "type": "zip",
                "url": "https://api.github.com/repos/heroku/heroku-buildpack-php/zipball/8da6b92aad89b2e7254f5eb2ad39ffac315b2282",
                "reference": "8da6b92aad89b2e7254f5eb2ad39ffac315b2282",
                "shasum": ""
            },
            "bin": [
                "bin/heroku-hhvm-apache2",
                "bin/heroku-hhvm-nginx",
                "bin/heroku-php-apache2",
                "bin/heroku-php-nginx"
            ],
            "type": "library",
            "notification-url": "https://packagist.org/downloads/",
            "license": [
                "MIT"
            ],
            "authors": [
                {
                    "name": "David Zuelke",
                    "email": "dz@heroku.com"
                }
            ],
            "description": "Toolkit for starting a PHP application locally, with or without foreman, using the same config for PHP/HHVM and Apache2/Nginx as on Heroku",
            "homepage": "http://github.com/heroku/heroku-buildpack-php",
            "keywords": [
                "apache",
                "apache2",
                "foreman",
                "heroku",
                "hhvm",
                "nginx",
                "php"
            ],
            "time": "2015-03-24 19:49:58"
        },
        {
            "name": "vlucas/phpdotenv",
            "version": "v1.1.0",
            "source": {
                "type": "git",
                "url": "https://github.com/vlucas/phpdotenv.git",
                "reference": "732d2adb7d916c9593b9d58c3b0d9ebefead07aa"
            },
            "dist": {
                "type": "zip",
                "url": "https://api.github.com/repos/vlucas/phpdotenv/zipball/732d2adb7d916c9593b9d58c3b0d9ebefead07aa",
                "reference": "732d2adb7d916c9593b9d58c3b0d9ebefead07aa",
                "shasum": ""
            },
            "require": {
                "php": ">=5.3.2"
            },
            "require-dev": {
                "phpunit/phpunit": "~4.0"
            },
            "type": "library",
            "extra": {
                "branch-alias": {
                    "dev-master": "1.0-dev"
                }
            },
            "autoload": {
                "psr-0": {
                    "Dotenv": "src/"
                }
            },
            "notification-url": "https://packagist.org/downloads/",
            "license": [
                "BSD"
            ],
            "authors": [
                {
                    "name": "Vance Lucas",
                    "email": "vance@vancelucas.com",
                    "homepage": "http://www.vancelucas.com"
                }
            ],
            "description": "Loads environment variables from `.env` to `getenv()`, `$_ENV` and `$_SERVER` automagically.",
            "homepage": "http://github.com/vlucas/phpdotenv",
            "keywords": [
                "dotenv",
                "env",
                "environment"
            ],
            "time": "2014-12-05 15:19:21"
        }
    ],
    "aliases": [],
    "minimum-stability": "stable",
    "stability-flags": {
        "php-activerecord/php-activerecord": 20
    },
    "prefer-stable": false,
    "prefer-lowest": false,
    "platform": {
        "ext-intl": "*"
    },
    "platform-dev": []
}
